
Microsoft Visual Studio Solution File, Format Version 12.00
# Visual Studio Version 16
VisualStudioVersion = 16.0.31112.23
MinimumVisualStudioVersion = 10.0.40219.1
Project("{FAE04EC0-301F-11D3-BF4B-00C04F79EFBC}") = "PrimeiraApi", "PrimeiraApi\PrimeiraApi.csproj", "{94BF5477-6DB5-42C4-B989-5AE1BDA2B611}"
EndProject
Global
	GlobalSection(SolutionConfigurationPlatforms) = preSolution
		Debug|Any CPU = Debug|Any CPU
		Release|Any CPU = Release|Any CPU
	EndGlobalSection
	GlobalSection(ProjectConfigurationPlatforms) = postSolution
		{94BF5477-6DB5-42C4-B989-5AE1BDA2B611}.Debug|Any CPU.ActiveCfg = Debug|Any CPU
		{94BF5477-6DB5-42C4-B989-5AE1BDA2B611}.Debug|Any CPU.Build.0 = Debug|Any CPU
		{94BF5477-6DB5-42C4-B989-5AE1BDA2B611}.Release|Any CPU.ActiveCfg = Release|Any CPU
		{94BF5477-6DB5-42C4-B989-5AE1BDA2B611}.Release|Any CPU.Build.0 = Release|Any CPU
	EndGlobalSection
	GlobalSection(SolutionProperties) = preSolution
		HideSolutionNode = FALSE
	EndGlobalSection
	GlobalSection(ExtensibilityGlobals) = postSolution
		SolutionGuid = {52B2C400-C7E1-491A-BBDE-F93459937816}
	EndGlobalSection
EndGlobal
